
Microsoft Visual Studio Solution File, Format Version 12.00
# Visual Studio Version 16
VisualStudioVersion = 16.0.30621.155
MinimumVisualStudioVersion = 10.0.40219.1
Project("{2150E333-8FDC-42A3-9474-1A3956D46DE8}") = "DataLayer", "DataLayer", "{C6EE1BA5-3D41-4051-B045-3C34CD629443}"
	ProjectSection(SolutionItems) = preProject
		DataModuleInfo.txt = DataModuleInfo.txt
	EndProjectSection
EndProject
Project("{2150E333-8FDC-42A3-9474-1A3956D46DE8}") = "Libraries", "Libraries", "{D1E3D695-566D-42ED-B0C9-C9605DB227FE}"
	ProjectSection(SolutionItems) = preProject
		LibModuleInfo.txt = LibModuleInfo.txt
	EndProjectSection
EndProject
Project("{9A19103F-16F7-4668-BE54-9A1E7A4F7556}") = "CommandCore", "CommandCore\CommandCore.csproj", "{3A7C841F-2491-49C5-ADC3-0D7F4AF9D865}"
EndProject
Project("{9A19103F-16F7-4668-BE54-9A1E7A4F7556}") = "DataCore", "DataCore\DataCore.csproj", "{3583B2F7-788E-466D-BF00-B9083448E3E2}"
EndProject
Project("{9A19103F-16F7-4668-BE54-9A1E7A4F7556}") = "MVCApp", "MVCApp\MVCApp.csproj", "{7BD236B6-3C13-489A-A529-56CD2A76E1CD}"
EndProject
Project("{2150E333-8FDC-42A3-9474-1A3956D46DE8}") = "UnitTests", "UnitTests", "{841DE602-FAAF-4EB4-94CA-B8261B3170F4}"
EndProject
Project("{9A19103F-16F7-4668-BE54-9A1E7A4F7556}") = "LogicTest", "LogicTest\LogicTest.csproj", "{F616C0B1-C467-40DD-A4EA-306AB2DDC4DC}"
EndProject
Global
	GlobalSection(SolutionConfigurationPlatforms) = preSolution
		Debug|Any CPU = Debug|Any CPU
		Release|Any CPU = Release|Any CPU
	EndGlobalSection
	GlobalSection(ProjectConfigurationPlatforms) = postSolution
		{3A7C841F-2491-49C5-ADC3-0D7F4AF9D865}.Debug|Any CPU.ActiveCfg = Debug|Any CPU
		{3A7C841F-2491-49C5-ADC3-0D7F4AF9D865}.Debug|Any CPU.Build.0 = Debug|Any CPU
		{3A7C841F-2491-49C5-ADC3-0D7F4AF9D865}.Release|Any CPU.ActiveCfg = Release|Any CPU
		{3A7C841F-2491-49C5-ADC3-0D7F4AF9D865}.Release|Any CPU.Build.0 = Release|Any CPU
		{3583B2F7-788E-466D-BF00-B9083448E3E2}.Debug|Any CPU.ActiveCfg = Debug|Any CPU
		{3583B2F7-788E-466D-BF00-B9083448E3E2}.Debug|Any CPU.Build.0 = Debug|Any CPU
		{3583B2F7-788E-466D-BF00-B9083448E3E2}.Release|Any CPU.ActiveCfg = Release|Any CPU
		{3583B2F7-788E-466D-BF00-B9083448E3E2}.Release|Any CPU.Build.0 = Release|Any CPU
		{7BD236B6-3C13-489A-A529-56CD2A76E1CD}.Debug|Any CPU.ActiveCfg = Debug|Any CPU
		{7BD236B6-3C13-489A-A529-56CD2A76E1CD}.Debug|Any CPU.Build.0 = Debug|Any CPU
		{7BD236B6-3C13-489A-A529-56CD2A76E1CD}.Release|Any CPU.ActiveCfg = Release|Any CPU
		{7BD236B6-3C13-489A-A529-56CD2A76E1CD}.Release|Any CPU.Build.0 = Release|Any CPU
		{F616C0B1-C467-40DD-A4EA-306AB2DDC4DC}.Debug|Any CPU.ActiveCfg = Debug|Any CPU
		{F616C0B1-C467-40DD-A4EA-306AB2DDC4DC}.Debug|Any CPU.Build.0 = Debug|Any CPU
		{F616C0B1-C467-40DD-A4EA-306AB2DDC4DC}.Release|Any CPU.ActiveCfg = Release|Any CPU
		{F616C0B1-C467-40DD-A4EA-306AB2DDC4DC}.Release|Any CPU.Build.0 = Release|Any CPU
	EndGlobalSection
	GlobalSection(SolutionProperties) = preSolution
		HideSolutionNode = FALSE
	EndGlobalSection
	GlobalSection(NestedProjects) = preSolution
		{3A7C841F-2491-49C5-ADC3-0D7F4AF9D865} = {D1E3D695-566D-42ED-B0C9-C9605DB227FE}
		{3583B2F7-788E-466D-BF00-B9083448E3E2} = {C6EE1BA5-3D41-4051-B045-3C34CD629443}
		{F616C0B1-C467-40DD-A4EA-306AB2DDC4DC} = {841DE602-FAAF-4EB4-94CA-B8261B3170F4}
	EndGlobalSection
	GlobalSection(ExtensibilityGlobals) = postSolution
		SolutionGuid = {E34FDA20-0B96-477B-B8D2-AF9E234462F7}
	EndGlobalSection
EndGlobal
